
Microsoft Visual Studio Solution File, Format Version 12.00
# Visual Studio Version 16
VisualStudioVersion = 16.0.31019.35
MinimumVisualStudioVersion = 10.0.40219.1
Project("{8BC9CEB8-8B4A-11D0-8D11-00A0C91BC942}") = "main", "main.vcxproj", "{8419A850-C40C-4344-9945-2E9BED5334D5}"
EndProject
Global
	GlobalSection(SolutionConfigurationPlatforms) = preSolution
		Debug|x64 = Debug|x64
		Debug|x86 = Debug|x86
		Release|x64 = Release|x64
		Release|x86 = Release|x86
	EndGlobalSection
	GlobalSection(ProjectConfigurationPlatforms) = postSolution
		{8419A850-C40C-4344-9945-2E9BED5334D5}.Debug|x64.ActiveCfg = Debug|x64
		{8419A850-C40C-4344-9945-2E9BED5334D5}.Debug|x64.Build.0 = Debug|x64
		{8419A850-C40C-4344-9945-2E9BED5334D5}.Debug|x86.ActiveCfg = Debug|Win32
		{8419A850-C40C-4344-9945-2E9BED5334D5}.Debug|x86.Build.0 = Debug|Win32
		{8419A850-C40C-4344-9945-2E9BED5334D5}.Release|x64.ActiveCfg = Release|x64
		{8419A850-C40C-4344-9945-2E9BED5334D5}.Release|x64.Build.0 = Release|x64
		{8419A850-C40C-4344-9945-2E9BED5334D5}.Release|x86.ActiveCfg = Release|Win32
		{8419A850-C40C-4344-9945-2E9BED5334D5}.Release|x86.Build.0 = Release|Win32
	EndGlobalSection
	GlobalSection(SolutionProperties) = preSolution
		HideSolutionNode = FALSE
	EndGlobalSection
	GlobalSection(ExtensibilityGlobals) = postSolution
		SolutionGuid = {A0FC0B62-F6CD-4893-8FF0-C73FA5BB83A2}
	EndGlobalSection
EndGlobal
